<?xml version="1.0" encoding="utf-8"?>
<Project ToolsVersion="4.0" xmlns="http://schemas.microsoft.com/developer/msbuild/2003">
  <ItemGroup>
    <ClCompile Include="CardsDrawing\Card.cpp" />
    <ClCompile Include="CardsDrawing\FateSuit.cpp" />
    <ClCompile Include="Financial\Insurance.cpp" />
    <ClCompile Include="main.cpp" />
    <ClCompile Include="Player\Player.cpp" />
    <ClCompile Include="Financial\Stock.cpp" />
    <ClCompile Include="CardsDrawing\ChanceSuit.cpp" />
    <ClCompile Include="CardsDrawing\CardsSuit.cpp" />
    <ClCompile Include="Map\Arrest.cpp" />
    <ClCompile Include="Map\ChanceGround.cpp" />
    <ClCompile Include="Map\Country.cpp" />
    <ClCompile Include="Map\FateGround.cpp" />
    <ClCompile Include="Map\GroundWithPrice.cpp" />
    <ClCompile Include="Map\init.cpp" />
    <ClCompile Include="Map\Map.cpp" />
    <ClCompile Include="Map\PowerStation.cpp" />
    <ClCompile Include="IO\Menu.cpp" />
    <ClCompile Include="IO\Output.cpp" />
  </ItemGroup>
  <ItemGroup>
    <ClInclude Include="CardsDrawing\CardsSuit.h" />
    <ClInclude Include="CardsDrawing\ChanceSuit.h" />
    <ClInclude Include="CardsDrawing\ChanceSuit\Chance_1.h" />
    <ClInclude Include="CardsDrawing\FateSuit.h" />
    <ClInclude Include="CardsDrawing\FateSuit\Fate_1.h" />
    <ClInclude Include="Event\Event.h" />
    <ClInclude Include="Event\EventHandler.h" />
    <ClInclude Include="Event\Listener.h" />
    <ClInclude Include="Financial\Insurance.h" />
    <ClInclude Include="CardsDrawing\Card.h" />
    <ClInclude Include="CardsDrawing\Chance.h" />
    <ClInclude Include="CardsDrawing\Fate.h" />
    <ClInclude Include="Player\Player.h" />
    <ClInclude Include="Player\Dice.h" />
    <ClInclude Include="CardsDrawing\CardsDrawingSystem.h" />
    <ClInclude Include="Financial\Stock.h" />
    <ClInclude Include="Map\Arrest.h" />
    <ClInclude Include="Map\Beginning.h" />
    <ClInclude Include="Map\Car.h" />
    <ClInclude Include="Map\ChanceGround.h" />
    <ClInclude Include="Map\Country.h" />
    <ClInclude Include="Map\FateGround.h" />
    <ClInclude Include="Map\Ground.h" />
    <ClInclude Include="Map\GroundWithPrice.h" />
    <ClInclude Include="Map\InitGrounds.h" />
    <ClInclude Include="Map\Map.h" />
    <ClInclude Include="Map\Plane.h" />
    <ClInclude Include="Map\PowerStation.h" />
    <ClInclude Include="Map\Prison.h" />
    <ClInclude Include="Map\Train.h" />
    <ClInclude Include="Map\Transportation.h" />
    <ClInclude Include="IO\Menu.h" />
    <ClInclude Include="IO\Output.h" />
  </ItemGroup>
  <ItemGroup>
    <None Include="Event\README.md" />
  </ItemGroup>
</Project>