<?xml version="1.0" encoding="utf-8"?>
<Project ToolsVersion="4.0" xmlns="http://schemas.microsoft.com/developer/msbuild/2003">
  <ItemGroup>
    <ClCompile Include="CardsDrawing\Card.cpp" />
    <ClCompile Include="CARDSDRAWING\CardsSuit.cpp" />
    <ClCompile Include="CardsDrawing\ChanceSuit.cpp" />
    <ClCompile Include="CardsDrawing\FateSuit.cpp" />
    <ClCompile Include="Financial\Insurance.cpp" />
    <ClCompile Include="Ground\ChanceGround.cpp" />
    <ClCompile Include="Ground\FateGround.cpp" />
    <ClCompile Include="Ground\GroundWithPrice.cpp" />
    <ClCompile Include="Ground\Map.cpp" />
    <ClCompile Include="Ground\PowerStation.cpp" />
    <ClCompile Include="main.cpp" />
    <ClCompile Include="Player\Menu.cpp" />
    <ClCompile Include="Player\Output.cpp" />
    <ClCompile Include="Player\Player.cpp" />
    <ClCompile Include="Ground\Country.cpp" />
    <ClCompile Include="Ground\Arrest.cpp" />
    <ClCompile Include="Financial\Stock.cpp" />
  </ItemGroup>
  <ItemGroup>
    <ClInclude Include="CardsDrawing\CardsSuit.h" />
    <ClInclude Include="CardsDrawing\ChanceSuit.h" />
    <ClInclude Include="CardsDrawing\ChanceSuit\Chance_1.h" />
    <ClInclude Include="CardsDrawing\FateSuit.h" />
    <ClInclude Include="CardsDrawing\FateSuit\Fate_1.h" />
    <ClInclude Include="Event\Event.h" />
    <ClInclude Include="Event\EventHandler.h" />
    <ClInclude Include="Event\Listener.h" />
    <ClInclude Include="Financial\Insurance.h" />
    <ClInclude Include="Ground\Arrest.h" />
    <ClInclude Include="CardsDrawing\Card.h" />
    <ClInclude Include="CardsDrawing\Chance.h" />
    <ClInclude Include="Ground\Beginning.h" />
    <ClInclude Include="Ground\Car.h" />
    <ClInclude Include="Ground\ChanceGround.h" />
    <ClInclude Include="Ground\Country.h" />
    <ClInclude Include="CardsDrawing\Fate.h" />
    <ClInclude Include="Ground\FateGround.h" />
    <ClInclude Include="Ground\GroundWithPrice.h" />
    <ClInclude Include="Ground\Map.h" />
    <ClInclude Include="Ground\Plane.h" />
    <ClInclude Include="Ground\PowerStation.h" />
    <ClInclude Include="Ground\Prison.h" />
    <ClInclude Include="Ground\Train.h" />
    <ClInclude Include="Ground\Transportation.h" />
    <ClInclude Include="Player\Menu.h" />
    <ClInclude Include="Player\Output.h" />
    <ClInclude Include="Player\Player.h" />
    <ClInclude Include="Ground\Ground.h" />
    <ClInclude Include="Player\Dice.h" />
    <ClInclude Include="CardsDrawing\CardsDrawingSystem.h" />
    <ClInclude Include="Ground\InitGrounds.h" />
    <ClInclude Include="Financial\Stock.h" />
  </ItemGroup>
  <ItemGroup>
    <None Include="Event\README.md" />
  </ItemGroup>
</Project>