<?xml version="1.0" encoding="utf-8"?>
<Project ToolsVersion="4.0" xmlns="http://schemas.microsoft.com/developer/msbuild/2003">
  <ItemGroup>
    <ClCompile Include="CardsDrawing\Card.cpp" />
    <ClCompile Include="CardsDrawing\ChanceSuit.cpp" />
    <ClCompile Include="CardsDrawing\FateSuit.cpp" />
    <ClCompile Include="Financial\Insurance.cpp" />
    <ClCompile Include="Financial\Stock.cpp" />
    <ClCompile Include="main.cpp" />
    <ClCompile Include="IO\Menu.cpp" />
    <ClCompile Include="IO\Output.cpp" />
    <ClCompile Include="Map\Country.cpp" />
    <ClCompile Include="Map\Ground.cpp" />
    <ClCompile Include="Map\GroundWithPrice.cpp" />
    <ClCompile Include="Map\Map.cpp" />
    <ClCompile Include="Player\Player.cpp" />
    <ClCompile Include="Map\Country.cpp" />
    <ClCompile Include="Core\GameLogic.cpp" />
    <ClCompile Include="CardsDrawing\ChanceSuit\Chance_4.h" />
    <ClCompile Include="CardsDrawing\ChanceSuit\Chance_5.h" />
    <ClCompile Include="Map\Beginning.cpp" />
  </ItemGroup>
  <ItemGroup>
    <ClInclude Include="CardsDrawing\CardsSuit.h" />
    <ClInclude Include="CardsDrawing\ChanceSuit.h" />
    <ClInclude Include="CardsDrawing\ChanceSuit\Chance_1.h" />
    <ClInclude Include="CardsDrawing\FateSuit.h" />
    <ClInclude Include="CardsDrawing\FateSuit\Fate_1.h" />
    <ClInclude Include="Event\Event.h" />
    <ClInclude Include="Event\EventHandler.h" />
    <ClInclude Include="Event\Listener.h" />
    <ClInclude Include="Financial\Insurance.h" />
    <ClInclude Include="Financial\Stock.h" />
    <ClInclude Include="CardsDrawing\Card.h" />
    <ClInclude Include="CardsDrawing\Chance.h" />
    <ClInclude Include="CardsDrawing\Fate.h" />
    <ClInclude Include="Map\Arrest.h" />
    <ClInclude Include="Map\ChanceGround.h" />
    <ClInclude Include="Map\FateGround.h" />
    <ClInclude Include="Map\Country.h" />
    <ClInclude Include="Map\Ground.h" />
    <ClInclude Include="Map\GroundWithPrice.h" />
    <ClInclude Include="Map\Map.h" />
    <ClInclude Include="Map\Prison.h" />
    <ClInclude Include="Player\Dice.h" />
    <ClInclude Include="IO\Menu.h" />
    <ClInclude Include="IO\Output.h" />
    <ClInclude Include="Player\Player.h" />
    <ClInclude Include="CardsDrawing\ChanceSuit\Chance_2.h" />
    <ClInclude Include="CardsDrawing\ChanceSuit\Chance_3.h" />
    <ClInclude Include="Map\ChanceGround.h" />
    <ClInclude Include="Map\FateGround.h" />
    <ClInclude Include="Map\Ground.h" />
    <ClInclude Include="Map\GroundWithPrice.h" />
    <ClInclude Include="Map\Map.h" />
    <ClInclude Include="Map\Country.h" />
    <ClInclude Include="Map\Arrest.h" />
    <ClInclude Include="Map\Prison.h" />
    <ClInclude Include="Core\GameLogic.h" />
    <ClInclude Include="Map\AllGrounds.h" />
    <ClInclude Include="CardsDrawing\ChanceSuit\Chance_6.h" />
    <ClInclude Include="CardsDrawing\ChanceSuit\Chance_7.h" />
    <ClInclude Include="CardsDrawing\ChanceSuit\Chance_8.h" />
    <ClInclude Include="CardsDrawing\ChanceSuit\Chance_9.h" />
    <ClInclude Include="CardsDrawing\ChanceSuit\Chance_10.h" />
    <ClInclude Include="Map\Beginning.h" />
  </ItemGroup>
  <ItemGroup>
    <None Include="Event\README.md" />
  </ItemGroup>
</Project>